
Microsoft Visual Studio Solution File, Format Version 12.00
# Visual Studio 15
VisualStudioVersion = 15.0.28307.757
MinimumVisualStudioVersion = 10.0.40219.1
Project("{FAE04EC0-301F-11D3-BF4B-00C04F79EFBC}") = "RavePayments", "RavePayments\RavePayments.csproj", "{CAE4256C-8D27-487F-BC24-C36E56FFE1B2}"
EndProject
Project("{FAE04EC0-301F-11D3-BF4B-00C04F79EFBC}") = "TestConsoleApp", "TestConsoleApp\TestConsoleApp.csproj", "{35BACF1A-B101-447A-8697-AC1C3C130DF0}"
EndProject
Global
	GlobalSection(SolutionConfigurationPlatforms) = preSolution
		Debug|Any CPU = Debug|Any CPU
		Release|Any CPU = Release|Any CPU
	EndGlobalSection
	GlobalSection(ProjectConfigurationPlatforms) = postSolution
		{CAE4256C-8D27-487F-BC24-C36E56FFE1B2}.Debug|Any CPU.ActiveCfg = Debug|Any CPU
		{CAE4256C-8D27-487F-BC24-C36E56FFE1B2}.Debug|Any CPU.Build.0 = Debug|Any CPU
		{CAE4256C-8D27-487F-BC24-C36E56FFE1B2}.Release|Any CPU.ActiveCfg = Release|Any CPU
		{CAE4256C-8D27-487F-BC24-C36E56FFE1B2}.Release|Any CPU.Build.0 = Release|Any CPU
		{35BACF1A-B101-447A-8697-AC1C3C130DF0}.Debug|Any CPU.ActiveCfg = Debug|Any CPU
		{35BACF1A-B101-447A-8697-AC1C3C130DF0}.Debug|Any CPU.Build.0 = Debug|Any CPU
		{35BACF1A-B101-447A-8697-AC1C3C130DF0}.Release|Any CPU.ActiveCfg = Release|Any CPU
		{35BACF1A-B101-447A-8697-AC1C3C130DF0}.Release|Any CPU.Build.0 = Release|Any CPU
	EndGlobalSection
	GlobalSection(SolutionProperties) = preSolution
		HideSolutionNode = FALSE
	EndGlobalSection
	GlobalSection(ExtensibilityGlobals) = postSolution
		SolutionGuid = {D29FF8D5-720F-478B-9CC7-AA72C96427A3}
	EndGlobalSection
EndGlobal
